// !$*UTF8*$!
{
	archiveVersion = 1;
	classes = {
	};
	objectVersion = 50;
	objects = {

/* Begin PBXBuildFile section */
		25C1D132225B16FE008FAEF2 /* AppDelegate.swift in Sources */ = {isa = PBXBuildFile; fileRef = 25C1D131225B16FE008FAEF2 /* AppDelegate.swift */; };
		25C1D134225B16FE008FAEF2 /* ViewController.swift in Sources */ = {isa = PBXBuildFile; fileRef = 25C1D133225B16FE008FAEF2 /* ViewController.swift */; };
		25C1D137225B16FE008FAEF2 /* Main.storyboard in Resources */ = {isa = PBXBuildFile; fileRef = 25C1D135225B16FE008FAEF2 /* Main.storyboard */; };
		25C1D13C225B16FF008FAEF2 /* Assets.xcassets in Resources */ = {isa = PBXBuildFile; fileRef = 25C1D13B225B16FF008FAEF2 /* Assets.xcassets */; };
		25C1D13F225B16FF008FAEF2 /* LaunchScreen.storyboard in Resources */ = {isa = PBXBuildFile; fileRef = 25C1D13D225B16FF008FAEF2 /* LaunchScreen.storyboard */; };
		25C1D14A225B1700008FAEF2 /* Dash_NewTests.swift in Sources */ = {isa = PBXBuildFile; fileRef = 25C1D149225B1700008FAEF2 /* Dash_NewTests.swift */; };
		25C1D155225B1700008FAEF2 /* Dash_NewUITests.swift in Sources */ = {isa = PBXBuildFile; fileRef = 25C1D154225B1700008FAEF2 /* Dash_NewUITests.swift */; };
		25C1D163225B1AAF008FAEF2 /* PersistenceService.swift in Sources */ = {isa = PBXBuildFile; fileRef = 25C1D162225B1AAF008FAEF2 /* PersistenceService.swift */; };
		25C1D17B225E7026008FAEF2 /* DetailViewController.swift in Sources */ = {isa = PBXBuildFile; fileRef = 25C1D17A225E7026008FAEF2 /* DetailViewController.swift */; };
		7F3AB4E52268DBC90034480B /* Intents.intentdefinition in Sources */ = {isa = PBXBuildFile; fileRef = 7FE084B82267015E00B8505D /* Intents.intentdefinition */; };
		7F3AB4E62268DEA20034480B /* MotivateIntentHandler.swift in Sources */ = {isa = PBXBuildFile; fileRef = 7FE084D72267065E00B8505D /* MotivateIntentHandler.swift */; };
		7F5A5EED226B763D0045D66E /* AddTextViewController.swift in Sources */ = {isa = PBXBuildFile; fileRef = 7F5A5EEC226B763D0045D66E /* AddTextViewController.swift */; };
		7F5A5F14226BE9440045D66E /* Board+CoreDataClass.swift in Sources */ = {isa = PBXBuildFile; fileRef = 7F5A5F0E226BE9440045D66E /* Board+CoreDataClass.swift */; };
		7F5A5F15226BE9440045D66E /* Board+CoreDataProperties.swift in Sources */ = {isa = PBXBuildFile; fileRef = 7F5A5F0F226BE9440045D66E /* Board+CoreDataProperties.swift */; };
		7F5A5F16226BE9440045D66E /* Image+CoreDataClass.swift in Sources */ = {isa = PBXBuildFile; fileRef = 7F5A5F10226BE9440045D66E /* Image+CoreDataClass.swift */; };
		7F5A5F17226BE9440045D66E /* Image+CoreDataProperties.swift in Sources */ = {isa = PBXBuildFile; fileRef = 7F5A5F11226BE9440045D66E /* Image+CoreDataProperties.swift */; };
		7F5A5F18226BE9440045D66E /* Affirmation+CoreDataClass.swift in Sources */ = {isa = PBXBuildFile; fileRef = 7F5A5F12226BE9440045D66E /* Affirmation+CoreDataClass.swift */; };
		7F5A5F19226BE9440045D66E /* Affirmation+CoreDataProperties.swift in Sources */ = {isa = PBXBuildFile; fileRef = 7F5A5F13226BE9440045D66E /* Affirmation+CoreDataProperties.swift */; };
		7F5D7B3C226E5E2F0022A687 /* ImageSearchViewController.swift in Sources */ = {isa = PBXBuildFile; fileRef = 7F5D7B3B226E5E2F0022A687 /* ImageSearchViewController.swift */; };
		7F834032226275C500F5C2FC /* Dash_New.xcdatamodeld in Resources */ = {isa = PBXBuildFile; fileRef = 25C1D138225B16FE008FAEF2 /* Dash_New.xcdatamodeld */; };
		7F8340352264C3BF00F5C2FC /* Launch Screen.png in Resources */ = {isa = PBXBuildFile; fileRef = 7F8340342264C3BF00F5C2FC /* Launch Screen.png */; };
		7F83403C2265075A00F5C2FC /* RemindersViewController.swift in Sources */ = {isa = PBXBuildFile; fileRef = 7F83403B2265075A00F5C2FC /* RemindersViewController.swift */; };
		7FE0849A2267013900B8505D /* IntentHandler.swift in Sources */ = {isa = PBXBuildFile; fileRef = 7FE084992267013900B8505D /* IntentHandler.swift */; };
		7FE084A32267013900B8505D /* IntentsUI.framework in Frameworks */ = {isa = PBXBuildFile; fileRef = 7FE084A22267013900B8505D /* IntentsUI.framework */; };
		7FE084A62267013900B8505D /* IntentViewController.swift in Sources */ = {isa = PBXBuildFile; fileRef = 7FE084A52267013900B8505D /* IntentViewController.swift */; };
		7FE084A92267013900B8505D /* MainInterface.storyboard in Resources */ = {isa = PBXBuildFile; fileRef = 7FE084A72267013900B8505D /* MainInterface.storyboard */; };
		7FE084AD2267013900B8505D /* MotivationIntentUI.appex in Embed App Extensions */ = {isa = PBXBuildFile; fileRef = 7FE084A02267013900B8505D /* MotivationIntentUI.appex */; settings = {ATTRIBUTES = (RemoveHeadersOnCopy, ); }; };
		7FE084B02267013900B8505D /* MotivationIntent.appex in Embed App Extensions */ = {isa = PBXBuildFile; fileRef = 7FE084972267013900B8505D /* MotivationIntent.appex */; settings = {ATTRIBUTES = (RemoveHeadersOnCopy, ); }; };
		7FE084B92267015E00B8505D /* Intents.intentdefinition in Sources */ = {isa = PBXBuildFile; fileRef = 7FE084B82267015E00B8505D /* Intents.intentdefinition */; };
		7FE084CC226701EB00B8505D /* Dash_New.xcdatamodeld in Sources */ = {isa = PBXBuildFile; fileRef = 25C1D138225B16FE008FAEF2 /* Dash_New.xcdatamodeld */; };
		7FE084CD226701EB00B8505D /* Dash_New.xcdatamodeld in Sources */ = {isa = PBXBuildFile; fileRef = 25C1D138225B16FE008FAEF2 /* Dash_New.xcdatamodeld */; };
		7FE084D42267047700B8505D /* NSCustomPersistentContainer.swift in Sources */ = {isa = PBXBuildFile; fileRef = 7FE084D32267047700B8505D /* NSCustomPersistentContainer.swift */; };
		7FE084D52267057200B8505D /* PersistenceService.swift in Sources */ = {isa = PBXBuildFile; fileRef = 25C1D162225B1AAF008FAEF2 /* PersistenceService.swift */; };
		7FE084D62267057300B8505D /* PersistenceService.swift in Sources */ = {isa = PBXBuildFile; fileRef = 25C1D162225B1AAF008FAEF2 /* PersistenceService.swift */; };
		7FE084D82267065E00B8505D /* MotivateIntentHandler.swift in Sources */ = {isa = PBXBuildFile; fileRef = 7FE084D72267065E00B8505D /* MotivateIntentHandler.swift */; };
		7FE084D9226708C700B8505D /* NSCustomPersistentContainer.swift in Sources */ = {isa = PBXBuildFile; fileRef = 7FE084D32267047700B8505D /* NSCustomPersistentContainer.swift */; };
		7FE084DA226708C800B8505D /* NSCustomPersistentContainer.swift in Sources */ = {isa = PBXBuildFile; fileRef = 7FE084D32267047700B8505D /* NSCustomPersistentContainer.swift */; };
		7FE084DC22670C6100B8505D /* Intents.intentdefinition in Sources */ = {isa = PBXBuildFile; fileRef = 7FE084B82267015E00B8505D /* Intents.intentdefinition */; };
/* End PBXBuildFile section */

/* Begin PBXContainerItemProxy section */
		25C1D146225B1700008FAEF2 /* PBXContainerItemProxy */ = {
			isa = PBXContainerItemProxy;
			containerPortal = 25C1D126225B16FE008FAEF2 /* Project object */;
			proxyType = 1;
			remoteGlobalIDString = 25C1D12D225B16FE008FAEF2;
			remoteInfo = "Dash-New";
		};
		25C1D151225B1700008FAEF2 /* PBXContainerItemProxy */ = {
			isa = PBXContainerItemProxy;
			containerPortal = 25C1D126225B16FE008FAEF2 /* Project object */;
			proxyType = 1;
			remoteGlobalIDString = 25C1D12D225B16FE008FAEF2;
			remoteInfo = "Dash-New";
		};
		7FE084AB2267013900B8505D /* PBXContainerItemProxy */ = {
			isa = PBXContainerItemProxy;
			containerPortal = 25C1D126225B16FE008FAEF2 /* Project object */;
			proxyType = 1;
			remoteGlobalIDString = 7FE0849F2267013900B8505D;
			remoteInfo = MotivationIntentUI;
		};
		7FE084AE2267013900B8505D /* PBXContainerItemProxy */ = {
			isa = PBXContainerItemProxy;
			containerPortal = 25C1D126225B16FE008FAEF2 /* Project object */;
			proxyType = 1;
			remoteGlobalIDString = 7FE084962267013900B8505D;
			remoteInfo = MotivationIntent;
		};
/* End PBXContainerItemProxy section */

/* Begin PBXCopyFilesBuildPhase section */
		7FE084B72267013900B8505D /* Embed App Extensions */ = {
			isa = PBXCopyFilesBuildPhase;
			buildActionMask = 2147483647;
			dstPath = "";
			dstSubfolderSpec = 13;
			files = (
				7FE084B02267013900B8505D /* MotivationIntent.appex in Embed App Extensions */,
				7FE084AD2267013900B8505D /* MotivationIntentUI.appex in Embed App Extensions */,
			);
			name = "Embed App Extensions";
			runOnlyForDeploymentPostprocessing = 0;
		};
/* End PBXCopyFilesBuildPhase section */

/* Begin PBXFileReference section */
		25C1D12E225B16FE008FAEF2 /* Dash-New.app */ = {isa = PBXFileReference; explicitFileType = wrapper.application; includeInIndex = 0; path = "Dash-New.app"; sourceTree = BUILT_PRODUCTS_DIR; };
		25C1D131225B16FE008FAEF2 /* AppDelegate.swift */ = {isa = PBXFileReference; lastKnownFileType = sourcecode.swift; path = AppDelegate.swift; sourceTree = "<group>"; };
		25C1D133225B16FE008FAEF2 /* ViewController.swift */ = {isa = PBXFileReference; lastKnownFileType = sourcecode.swift; path = ViewController.swift; sourceTree = "<group>"; };
		25C1D136225B16FE008FAEF2 /* Base */ = {isa = PBXFileReference; lastKnownFileType = file.storyboard; name = Base; path = Base.lproj/Main.storyboard; sourceTree = "<group>"; };
		25C1D139225B16FE008FAEF2 /* Dash_New.xcdatamodel */ = {isa = PBXFileReference; lastKnownFileType = wrapper.xcdatamodel; path = Dash_New.xcdatamodel; sourceTree = "<group>"; };
		25C1D13B225B16FF008FAEF2 /* Assets.xcassets */ = {isa = PBXFileReference; lastKnownFileType = folder.assetcatalog; path = Assets.xcassets; sourceTree = "<group>"; };
		25C1D13E225B16FF008FAEF2 /* Base */ = {isa = PBXFileReference; lastKnownFileType = file.storyboard; name = Base; path = Base.lproj/LaunchScreen.storyboard; sourceTree = "<group>"; };
		25C1D140225B16FF008FAEF2 /* Info.plist */ = {isa = PBXFileReference; lastKnownFileType = text.plist.xml; path = Info.plist; sourceTree = "<group>"; };
		25C1D145225B1700008FAEF2 /* Dash-NewTests.xctest */ = {isa = PBXFileReference; explicitFileType = wrapper.cfbundle; includeInIndex = 0; path = "Dash-NewTests.xctest"; sourceTree = BUILT_PRODUCTS_DIR; };
		25C1D149225B1700008FAEF2 /* Dash_NewTests.swift */ = {isa = PBXFileReference; lastKnownFileType = sourcecode.swift; path = Dash_NewTests.swift; sourceTree = "<group>"; };
		25C1D14B225B1700008FAEF2 /* Info.plist */ = {isa = PBXFileReference; lastKnownFileType = text.plist.xml; path = Info.plist; sourceTree = "<group>"; };
		25C1D150225B1700008FAEF2 /* Dash-NewUITests.xctest */ = {isa = PBXFileReference; explicitFileType = wrapper.cfbundle; includeInIndex = 0; path = "Dash-NewUITests.xctest"; sourceTree = BUILT_PRODUCTS_DIR; };
		25C1D154225B1700008FAEF2 /* Dash_NewUITests.swift */ = {isa = PBXFileReference; lastKnownFileType = sourcecode.swift; path = Dash_NewUITests.swift; sourceTree = "<group>"; };
		25C1D156225B1700008FAEF2 /* Info.plist */ = {isa = PBXFileReference; lastKnownFileType = text.plist.xml; path = Info.plist; sourceTree = "<group>"; };
		25C1D162225B1AAF008FAEF2 /* PersistenceService.swift */ = {isa = PBXFileReference; lastKnownFileType = sourcecode.swift; path = PersistenceService.swift; sourceTree = "<group>"; };
		25C1D17A225E7026008FAEF2 /* DetailViewController.swift */ = {isa = PBXFileReference; lastKnownFileType = sourcecode.swift; path = DetailViewController.swift; sourceTree = "<group>"; };
		7F5A5EEC226B763D0045D66E /* AddTextViewController.swift */ = {isa = PBXFileReference; lastKnownFileType = sourcecode.swift; path = AddTextViewController.swift; sourceTree = "<group>"; };
		7F5A5F0E226BE9440045D66E /* Board+CoreDataClass.swift */ = {isa = PBXFileReference; lastKnownFileType = sourcecode.swift; name = "Board+CoreDataClass.swift"; path = "../../Board+CoreDataClass.swift"; sourceTree = "<group>"; };
		7F5A5F0F226BE9440045D66E /* Board+CoreDataProperties.swift */ = {isa = PBXFileReference; lastKnownFileType = sourcecode.swift; name = "Board+CoreDataProperties.swift"; path = "../../Board+CoreDataProperties.swift"; sourceTree = "<group>"; };
		7F5A5F10226BE9440045D66E /* Image+CoreDataClass.swift */ = {isa = PBXFileReference; lastKnownFileType = sourcecode.swift; name = "Image+CoreDataClass.swift"; path = "../../Image+CoreDataClass.swift"; sourceTree = "<group>"; };
		7F5A5F11226BE9440045D66E /* Image+CoreDataProperties.swift */ = {isa = PBXFileReference; lastKnownFileType = sourcecode.swift; name = "Image+CoreDataProperties.swift"; path = "../../Image+CoreDataProperties.swift"; sourceTree = "<group>"; };
		7F5A5F12226BE9440045D66E /* Affirmation+CoreDataClass.swift */ = {isa = PBXFileReference; lastKnownFileType = sourcecode.swift; name = "Affirmation+CoreDataClass.swift"; path = "../../Affirmation+CoreDataClass.swift"; sourceTree = "<group>"; };
		7F5A5F13226BE9440045D66E /* Affirmation+CoreDataProperties.swift */ = {isa = PBXFileReference; lastKnownFileType = sourcecode.swift; name = "Affirmation+CoreDataProperties.swift"; path = "../../Affirmation+CoreDataProperties.swift"; sourceTree = "<group>"; };
		7F5D7B3B226E5E2F0022A687 /* ImageSearchViewController.swift */ = {isa = PBXFileReference; lastKnownFileType = sourcecode.swift; path = ImageSearchViewController.swift; sourceTree = "<group>"; };
		7F8340342264C3BF00F5C2FC /* Launch Screen.png */ = {isa = PBXFileReference; lastKnownFileType = image.png; path = "Launch Screen.png"; sourceTree = "<group>"; };
		7F8340362264CBC000F5C2FC /* Dash-New.entitlements */ = {isa = PBXFileReference; lastKnownFileType = text.plist.entitlements; path = "Dash-New.entitlements"; sourceTree = "<group>"; };
		7F83403B2265075A00F5C2FC /* RemindersViewController.swift */ = {isa = PBXFileReference; lastKnownFileType = sourcecode.swift; path = RemindersViewController.swift; sourceTree = "<group>"; };
		7FE084972267013900B8505D /* MotivationIntent.appex */ = {isa = PBXFileReference; explicitFileType = "wrapper.app-extension"; includeInIndex = 0; path = MotivationIntent.appex; sourceTree = BUILT_PRODUCTS_DIR; };
		7FE084992267013900B8505D /* IntentHandler.swift */ = {isa = PBXFileReference; lastKnownFileType = sourcecode.swift; path = IntentHandler.swift; sourceTree = "<group>"; };
		7FE0849B2267013900B8505D /* Info.plist */ = {isa = PBXFileReference; lastKnownFileType = text.plist.xml; path = Info.plist; sourceTree = "<group>"; };
		7FE084A02267013900B8505D /* MotivationIntentUI.appex */ = {isa = PBXFileReference; explicitFileType = "wrapper.app-extension"; includeInIndex = 0; path = MotivationIntentUI.appex; sourceTree = BUILT_PRODUCTS_DIR; };
		7FE084A22267013900B8505D /* IntentsUI.framework */ = {isa = PBXFileReference; lastKnownFileType = wrapper.framework; name = IntentsUI.framework; path = System/Library/Frameworks/IntentsUI.framework; sourceTree = SDKROOT; };
		7FE084A52267013900B8505D /* IntentViewController.swift */ = {isa = PBXFileReference; lastKnownFileType = sourcecode.swift; path = IntentViewController.swift; sourceTree = "<group>"; };
		7FE084A82267013900B8505D /* Base */ = {isa = PBXFileReference; lastKnownFileType = file.storyboard; name = Base; path = Base.lproj/MainInterface.storyboard; sourceTree = "<group>"; };
		7FE084AA2267013900B8505D /* Info.plist */ = {isa = PBXFileReference; lastKnownFileType = text.plist.xml; path = Info.plist; sourceTree = "<group>"; };
		7FE084B82267015E00B8505D /* Intents.intentdefinition */ = {isa = PBXFileReference; lastKnownFileType = file.intentdefinition; path = Intents.intentdefinition; sourceTree = "<group>"; };
		7FE084BA226701D000B8505D /* MotivationIntent.entitlements */ = {isa = PBXFileReference; lastKnownFileType = text.plist.entitlements; path = MotivationIntent.entitlements; sourceTree = "<group>"; };
		7FE084BB226701D600B8505D /* MotivationIntentUI.entitlements */ = {isa = PBXFileReference; lastKnownFileType = text.plist.entitlements; path = MotivationIntentUI.entitlements; sourceTree = "<group>"; };
		7FE084D32267047700B8505D /* NSCustomPersistentContainer.swift */ = {isa = PBXFileReference; lastKnownFileType = sourcecode.swift; path = NSCustomPersistentContainer.swift; sourceTree = "<group>"; };
		7FE084D72267065E00B8505D /* MotivateIntentHandler.swift */ = {isa = PBXFileReference; lastKnownFileType = sourcecode.swift; path = MotivateIntentHandler.swift; sourceTree = "<group>"; };
/* End PBXFileReference section */

/* Begin PBXFrameworksBuildPhase section */
		25C1D12B225B16FE008FAEF2 /* Frameworks */ = {
			isa = PBXFrameworksBuildPhase;
			buildActionMask = 2147483647;
			files = (
			);
			runOnlyForDeploymentPostprocessing = 0;
		};
		25C1D142225B1700008FAEF2 /* Frameworks */ = {
			isa = PBXFrameworksBuildPhase;
			buildActionMask = 2147483647;
			files = (
			);
			runOnlyForDeploymentPostprocessing = 0;
		};
		25C1D14D225B1700008FAEF2 /* Frameworks */ = {
			isa = PBXFrameworksBuildPhase;
			buildActionMask = 2147483647;
			files = (
			);
			runOnlyForDeploymentPostprocessing = 0;
		};
		7FE084942267013900B8505D /* Frameworks */ = {
			isa = PBXFrameworksBuildPhase;
			buildActionMask = 2147483647;
			files = (
			);
			runOnlyForDeploymentPostprocessing = 0;
		};
		7FE0849D2267013900B8505D /* Frameworks */ = {
			isa = PBXFrameworksBuildPhase;
			buildActionMask = 2147483647;
			files = (
				7FE084A32267013900B8505D /* IntentsUI.framework in Frameworks */,
			);
			runOnlyForDeploymentPostprocessing = 0;
		};
/* End PBXFrameworksBuildPhase section */

/* Begin PBXGroup section */
		25C1D125225B16FE008FAEF2 = {
			isa = PBXGroup;
			children = (
				25C1D130225B16FE008FAEF2 /* Dash-New */,
				25C1D148225B1700008FAEF2 /* Dash-NewTests */,
				25C1D153225B1700008FAEF2 /* Dash-NewUITests */,
				7FE084982267013900B8505D /* MotivationIntent */,
				7FE084A42267013900B8505D /* MotivationIntentUI */,
				7FE084A12267013900B8505D /* Frameworks */,
				25C1D12F225B16FE008FAEF2 /* Products */,
			);
			sourceTree = "<group>";
		};
		25C1D12F225B16FE008FAEF2 /* Products */ = {
			isa = PBXGroup;
			children = (
				25C1D12E225B16FE008FAEF2 /* Dash-New.app */,
				25C1D145225B1700008FAEF2 /* Dash-NewTests.xctest */,
				25C1D150225B1700008FAEF2 /* Dash-NewUITests.xctest */,
				7FE084972267013900B8505D /* MotivationIntent.appex */,
				7FE084A02267013900B8505D /* MotivationIntentUI.appex */,
			);
			name = Products;
			sourceTree = "<group>";
		};
		25C1D130225B16FE008FAEF2 /* Dash-New */ = {
			isa = PBXGroup;
			children = (
				7FE084D02267029300B8505D /* Core Data */,
				7F8340362264CBC000F5C2FC /* Dash-New.entitlements */,
				7F8340342264C3BF00F5C2FC /* Launch Screen.png */,
				25C1D131225B16FE008FAEF2 /* AppDelegate.swift */,
				25C1D133225B16FE008FAEF2 /* ViewController.swift */,
				25C1D17A225E7026008FAEF2 /* DetailViewController.swift */,
				25C1D135225B16FE008FAEF2 /* Main.storyboard */,
				7F5D7B3B226E5E2F0022A687 /* ImageSearchViewController.swift */,
				7F5A5EEC226B763D0045D66E /* AddTextViewController.swift */,
				7F83403B2265075A00F5C2FC /* RemindersViewController.swift */,
				25C1D13B225B16FF008FAEF2 /* Assets.xcassets */,
				25C1D13D225B16FF008FAEF2 /* LaunchScreen.storyboard */,
				25C1D140225B16FF008FAEF2 /* Info.plist */,
				7FE084B82267015E00B8505D /* Intents.intentdefinition */,
			);
			path = "Dash-New";
			sourceTree = "<group>";
		};
		25C1D148225B1700008FAEF2 /* Dash-NewTests */ = {
			isa = PBXGroup;
			children = (
				25C1D149225B1700008FAEF2 /* Dash_NewTests.swift */,
				25C1D14B225B1700008FAEF2 /* Info.plist */,
			);
			path = "Dash-NewTests";
			sourceTree = "<group>";
		};
		25C1D153225B1700008FAEF2 /* Dash-NewUITests */ = {
			isa = PBXGroup;
			children = (
				25C1D154225B1700008FAEF2 /* Dash_NewUITests.swift */,
				25C1D156225B1700008FAEF2 /* Info.plist */,
			);
			path = "Dash-NewUITests";
			sourceTree = "<group>";
		};
		7FE084982267013900B8505D /* MotivationIntent */ = {
			isa = PBXGroup;
			children = (
				7FE084BA226701D000B8505D /* MotivationIntent.entitlements */,
				7FE084992267013900B8505D /* IntentHandler.swift */,
				7FE0849B2267013900B8505D /* Info.plist */,
				7FE084D72267065E00B8505D /* MotivateIntentHandler.swift */,
			);
			path = MotivationIntent;
			sourceTree = "<group>";
		};
		7FE084A12267013900B8505D /* Frameworks */ = {
			isa = PBXGroup;
			children = (
				7FE084A22267013900B8505D /* IntentsUI.framework */,
			);
			name = Frameworks;
			sourceTree = "<group>";
		};
		7FE084A42267013900B8505D /* MotivationIntentUI */ = {
			isa = PBXGroup;
			children = (
				7FE084BB226701D600B8505D /* MotivationIntentUI.entitlements */,
				7FE084A52267013900B8505D /* IntentViewController.swift */,
				7FE084A72267013900B8505D /* MainInterface.storyboard */,
				7FE084AA2267013900B8505D /* Info.plist */,
			);
			path = MotivationIntentUI;
			sourceTree = "<group>";
		};
		7FE084D02267029300B8505D /* Core Data */ = {
			isa = PBXGroup;
			children = (
				7F5A5F0E226BE9440045D66E /* Board+CoreDataClass.swift */,
				7F5A5F0F226BE9440045D66E /* Board+CoreDataProperties.swift */,
				7F5A5F11226BE9440045D66E /* Image+CoreDataProperties.swift */,
				7F5A5F10226BE9440045D66E /* Image+CoreDataClass.swift */,
				7F5A5F12226BE9440045D66E /* Affirmation+CoreDataClass.swift */,
				7F5A5F13226BE9440045D66E /* Affirmation+CoreDataProperties.swift */,
				25C1D138225B16FE008FAEF2 /* Dash_New.xcdatamodeld */,
				25C1D162225B1AAF008FAEF2 /* PersistenceService.swift */,
				7FE084D32267047700B8505D /* NSCustomPersistentContainer.swift */,
			);
			path = "Core Data";
			sourceTree = "<group>";
		};
/* End PBXGroup section */

/* Begin PBXNativeTarget section */
		25C1D12D225B16FE008FAEF2 /* Dash-New */ = {
			isa = PBXNativeTarget;
			buildConfigurationList = 25C1D159225B1700008FAEF2 /* Build configuration list for PBXNativeTarget "Dash-New" */;
			buildPhases = (
				25C1D12A225B16FE008FAEF2 /* Sources */,
				25C1D12B225B16FE008FAEF2 /* Frameworks */,
				25C1D12C225B16FE008FAEF2 /* Resources */,
				7FE084B72267013900B8505D /* Embed App Extensions */,
			);
			buildRules = (
			);
			dependencies = (
				7FE084AC2267013900B8505D /* PBXTargetDependency */,
				7FE084AF2267013900B8505D /* PBXTargetDependency */,
			);
			name = "Dash-New";
			productName = "Dash-New";
			productReference = 25C1D12E225B16FE008FAEF2 /* Dash-New.app */;
			productType = "com.apple.product-type.application";
		};
		25C1D144225B1700008FAEF2 /* Dash-NewTests */ = {
			isa = PBXNativeTarget;
			buildConfigurationList = 25C1D15C225B1700008FAEF2 /* Build configuration list for PBXNativeTarget "Dash-NewTests" */;
			buildPhases = (
				25C1D141225B1700008FAEF2 /* Sources */,
				25C1D142225B1700008FAEF2 /* Frameworks */,
				25C1D143225B1700008FAEF2 /* Resources */,
			);
			buildRules = (
			);
			dependencies = (
				25C1D147225B1700008FAEF2 /* PBXTargetDependency */,
			);
			name = "Dash-NewTests";
			productName = "Dash-NewTests";
			productReference = 25C1D145225B1700008FAEF2 /* Dash-NewTests.xctest */;
			productType = "com.apple.product-type.bundle.unit-test";
		};
		25C1D14F225B1700008FAEF2 /* Dash-NewUITests */ = {
			isa = PBXNativeTarget;
			buildConfigurationList = 25C1D15F225B1700008FAEF2 /* Build configuration list for PBXNativeTarget "Dash-NewUITests" */;
			buildPhases = (
				25C1D14C225B1700008FAEF2 /* Sources */,
				25C1D14D225B1700008FAEF2 /* Frameworks */,
				25C1D14E225B1700008FAEF2 /* Resources */,
			);
			buildRules = (
			);
			dependencies = (
				25C1D152225B1700008FAEF2 /* PBXTargetDependency */,
			);
			name = "Dash-NewUITests";
			productName = "Dash-NewUITests";
			productReference = 25C1D150225B1700008FAEF2 /* Dash-NewUITests.xctest */;
			productType = "com.apple.product-type.bundle.ui-testing";
		};
		7FE084962267013900B8505D /* MotivationIntent */ = {
			isa = PBXNativeTarget;
			buildConfigurationList = 7FE084B62267013900B8505D /* Build configuration list for PBXNativeTarget "MotivationIntent" */;
			buildPhases = (
				7FE084932267013900B8505D /* Sources */,
				7FE084942267013900B8505D /* Frameworks */,
				7FE084952267013900B8505D /* Resources */,
			);
			buildRules = (
			);
			dependencies = (
			);
			name = MotivationIntent;
			productName = MotivationIntent;
			productReference = 7FE084972267013900B8505D /* MotivationIntent.appex */;
			productType = "com.apple.product-type.app-extension";
		};
		7FE0849F2267013900B8505D /* MotivationIntentUI */ = {
			isa = PBXNativeTarget;
			buildConfigurationList = 7FE084B52267013900B8505D /* Build configuration list for PBXNativeTarget "MotivationIntentUI" */;
			buildPhases = (
				7FE0849C2267013900B8505D /* Sources */,
				7FE0849D2267013900B8505D /* Frameworks */,
				7FE0849E2267013900B8505D /* Resources */,
			);
			buildRules = (
			);
			dependencies = (
			);
			name = MotivationIntentUI;
			productName = MotivationIntentUI;
			productReference = 7FE084A02267013900B8505D /* MotivationIntentUI.appex */;
			productType = "com.apple.product-type.app-extension";
		};
/* End PBXNativeTarget section */

/* Begin PBXProject section */
		25C1D126225B16FE008FAEF2 /* Project object */ = {
			isa = PBXProject;
			attributes = {
				LastSwiftUpdateCheck = 1020;
				LastUpgradeCheck = 1020;
				ORGANIZATIONNAME = iMac;
				TargetAttributes = {
					25C1D12D225B16FE008FAEF2 = {
						CreatedOnToolsVersion = 10.2;
						SystemCapabilities = {
							com.apple.ApplicationGroups.iOS = {
								enabled = 1;
							};
							com.apple.Push = {
								enabled = 1;
							};
							com.apple.Siri = {
								enabled = 1;
							};
						};
					};
					25C1D144225B1700008FAEF2 = {
						CreatedOnToolsVersion = 10.2;
						TestTargetID = 25C1D12D225B16FE008FAEF2;
					};
					25C1D14F225B1700008FAEF2 = {
						CreatedOnToolsVersion = 10.2;
						TestTargetID = 25C1D12D225B16FE008FAEF2;
					};
					7FE084962267013900B8505D = {
						CreatedOnToolsVersion = 10.2;
						SystemCapabilities = {
							com.apple.ApplicationGroups.iOS = {
								enabled = 1;
							};
						};
					};
					7FE0849F2267013900B8505D = {
						CreatedOnToolsVersion = 10.2;
						SystemCapabilities = {
							com.apple.ApplicationGroups.iOS = {
								enabled = 1;
							};
						};
					};
				};
			};
			buildConfigurationList = 25C1D129225B16FE008FAEF2 /* Build configuration list for PBXProject "Dash-New" */;
			compatibilityVersion = "Xcode 9.3";
			developmentRegion = en;
			hasScannedForEncodings = 0;
			knownRegions = (
				en,
				Base,
			);
			mainGroup = 25C1D125225B16FE008FAEF2;
			productRefGroup = 25C1D12F225B16FE008FAEF2 /* Products */;
			projectDirPath = "";
			projectRoot = "";
			targets = (
				25C1D12D225B16FE008FAEF2 /* Dash-New */,
				25C1D144225B1700008FAEF2 /* Dash-NewTests */,
				25C1D14F225B1700008FAEF2 /* Dash-NewUITests */,
				7FE084962267013900B8505D /* MotivationIntent */,
				7FE0849F2267013900B8505D /* MotivationIntentUI */,
			);
		};
/* End PBXProject section */

/* Begin PBXResourcesBuildPhase section */
		25C1D12C225B16FE008FAEF2 /* Resources */ = {
			isa = PBXResourcesBuildPhase;
			buildActionMask = 2147483647;
			files = (
				7F834032226275C500F5C2FC /* Dash_New.xcdatamodeld in Resources */,
				25C1D13F225B16FF008FAEF2 /* LaunchScreen.storyboard in Resources */,
				25C1D13C225B16FF008FAEF2 /* Assets.xcassets in Resources */,
				7F8340352264C3BF00F5C2FC /* Launch Screen.png in Resources */,
				25C1D137225B16FE008FAEF2 /* Main.storyboard in Resources */,
			);
			runOnlyForDeploymentPostprocessing = 0;
		};
		25C1D143225B1700008FAEF2 /* Resources */ = {
			isa = PBXResourcesBuildPhase;
			buildActionMask = 2147483647;
			files = (
			);
			runOnlyForDeploymentPostprocessing = 0;
		};
		25C1D14E225B1700008FAEF2 /* Resources */ = {
			isa = PBXResourcesBuildPhase;
			buildActionMask = 2147483647;
			files = (
			);
			runOnlyForDeploymentPostprocessing = 0;
		};
		7FE084952267013900B8505D /* Resources */ = {
			isa = PBXResourcesBuildPhase;
			buildActionMask = 2147483647;
			files = (
			);
			runOnlyForDeploymentPostprocessing = 0;
		};
		7FE0849E2267013900B8505D /* Resources */ = {
			isa = PBXResourcesBuildPhase;
			buildActionMask = 2147483647;
			files = (
				7FE084A92267013900B8505D /* MainInterface.storyboard in Resources */,
			);
			runOnlyForDeploymentPostprocessing = 0;
		};
/* End PBXResourcesBuildPhase section */

/* Begin PBXSourcesBuildPhase section */
		25C1D12A225B16FE008FAEF2 /* Sources */ = {
			isa = PBXSourcesBuildPhase;
			buildActionMask = 2147483647;
			files = (
				7F5A5F14226BE9440045D66E /* Board+CoreDataClass.swift in Sources */,
				7FE084D42267047700B8505D /* NSCustomPersistentContainer.swift in Sources */,
				7F5A5F18226BE9440045D66E /* Affirmation+CoreDataClass.swift in Sources */,
				7F5A5EED226B763D0045D66E /* AddTextViewController.swift in Sources */,
				7F5A5F17226BE9440045D66E /* Image+CoreDataProperties.swift in Sources */,
				7FE084DC22670C6100B8505D /* Intents.intentdefinition in Sources */,
				7F5A5F15226BE9440045D66E /* Board+CoreDataProperties.swift in Sources */,
				7F5A5F16226BE9440045D66E /* Image+CoreDataClass.swift in Sources */,
				7F83403C2265075A00F5C2FC /* RemindersViewController.swift in Sources */,
				25C1D17B225E7026008FAEF2 /* DetailViewController.swift in Sources */,
				25C1D163225B1AAF008FAEF2 /* PersistenceService.swift in Sources */,
				7F5D7B3C226E5E2F0022A687 /* ImageSearchViewController.swift in Sources */,
				25C1D134225B16FE008FAEF2 /* ViewController.swift in Sources */,
				7F5A5F19226BE9440045D66E /* Affirmation+CoreDataProperties.swift in Sources */,
				25C1D132225B16FE008FAEF2 /* AppDelegate.swift in Sources */,
			);
			runOnlyForDeploymentPostprocessing = 0;
		};
		25C1D141225B1700008FAEF2 /* Sources */ = {
			isa = PBXSourcesBuildPhase;
			buildActionMask = 2147483647;
			files = (
				25C1D14A225B1700008FAEF2 /* Dash_NewTests.swift in Sources */,
			);
			runOnlyForDeploymentPostprocessing = 0;
		};
		25C1D14C225B1700008FAEF2 /* Sources */ = {
			isa = PBXSourcesBuildPhase;
			buildActionMask = 2147483647;
			files = (
				25C1D155225B1700008FAEF2 /* Dash_NewUITests.swift in Sources */,
			);
			runOnlyForDeploymentPostprocessing = 0;
		};
		7FE084932267013900B8505D /* Sources */ = {
			isa = PBXSourcesBuildPhase;
			buildActionMask = 2147483647;
			files = (
				7FE084D9226708C700B8505D /* NSCustomPersistentContainer.swift in Sources */,
				7FE084D82267065E00B8505D /* MotivateIntentHandler.swift in Sources */,
				7FE084B92267015E00B8505D /* Intents.intentdefinition in Sources */,
				7FE084D52267057200B8505D /* PersistenceService.swift in Sources */,
				7FE0849A2267013900B8505D /* IntentHandler.swift in Sources */,
				7FE084CC226701EB00B8505D /* Dash_New.xcdatamodeld in Sources */,
			);
			runOnlyForDeploymentPostprocessing = 0;
		};
		7FE0849C2267013900B8505D /* Sources */ = {
			isa = PBXSourcesBuildPhase;
			buildActionMask = 2147483647;
			files = (
				7FE084DA226708C800B8505D /* NSCustomPersistentContainer.swift in Sources */,
				7FE084CD226701EB00B8505D /* Dash_New.xcdatamodeld in Sources */,
				7FE084D62267057300B8505D /* PersistenceService.swift in Sources */,
				7F3AB4E52268DBC90034480B /* Intents.intentdefinition in Sources */,
				7FE084A62267013900B8505D /* IntentViewController.swift in Sources */,
				7F3AB4E62268DEA20034480B /* MotivateIntentHandler.swift in Sources */,
			);
			runOnlyForDeploymentPostprocessing = 0;
		};
/* End PBXSourcesBuildPhase section */

/* Begin PBXTargetDependency section */
		25C1D147225B1700008FAEF2 /* PBXTargetDependency */ = {
			isa = PBXTargetDependency;
			target = 25C1D12D225B16FE008FAEF2 /* Dash-New */;
			targetProxy = 25C1D146225B1700008FAEF2 /* PBXContainerItemProxy */;
		};
		25C1D152225B1700008FAEF2 /* PBXTargetDependency */ = {
			isa = PBXTargetDependency;
			target = 25C1D12D225B16FE008FAEF2 /* Dash-New */;
			targetProxy = 25C1D151225B1700008FAEF2 /* PBXContainerItemProxy */;
		};
		7FE084AC2267013900B8505D /* PBXTargetDependency */ = {
			isa = PBXTargetDependency;
			target = 7FE0849F2267013900B8505D /* MotivationIntentUI */;
			targetProxy = 7FE084AB2267013900B8505D /* PBXContainerItemProxy */;
		};
		7FE084AF2267013900B8505D /* PBXTargetDependency */ = {
			isa = PBXTargetDependency;
			target = 7FE084962267013900B8505D /* MotivationIntent */;
			targetProxy = 7FE084AE2267013900B8505D /* PBXContainerItemProxy */;
		};
/* End PBXTargetDependency section */

/* Begin PBXVariantGroup section */
		25C1D135225B16FE008FAEF2 /* Main.storyboard */ = {
			isa = PBXVariantGroup;
			children = (
				25C1D136225B16FE008FAEF2 /* Base */,
			);
			name = Main.storyboard;
			sourceTree = "<group>";
		};
		25C1D13D225B16FF008FAEF2 /* LaunchScreen.storyboard */ = {
			isa = PBXVariantGroup;
			children = (
				25C1D13E225B16FF008FAEF2 /* Base */,
			);
			name = LaunchScreen.storyboard;
			sourceTree = "<group>";
		};
		7FE084A72267013900B8505D /* MainInterface.storyboard */ = {
			isa = PBXVariantGroup;
			children = (
				7FE084A82267013900B8505D /* Base */,
			);
			name = MainInterface.storyboard;
			sourceTree = "<group>";
		};
/* End PBXVariantGroup section */

/* Begin XCBuildConfiguration section */
		25C1D157225B1700008FAEF2 /* Debug */ = {
			isa = XCBuildConfiguration;
			buildSettings = {
				ALWAYS_SEARCH_USER_PATHS = NO;
				CLANG_ANALYZER_NONNULL = YES;
				CLANG_ANALYZER_NUMBER_OBJECT_CONVERSION = YES_AGGRESSIVE;
				CLANG_CXX_LANGUAGE_STANDARD = "gnu++14";
				CLANG_CXX_LIBRARY = "libc++";
				CLANG_ENABLE_MODULES = YES;
				CLANG_ENABLE_OBJC_ARC = YES;
				CLANG_ENABLE_OBJC_WEAK = YES;
				CLANG_WARN_BLOCK_CAPTURE_AUTORELEASING = YES;
				CLANG_WARN_BOOL_CONVERSION = YES;
				CLANG_WARN_COMMA = YES;
				CLANG_WARN_CONSTANT_CONVERSION = YES;
				CLANG_WARN_DEPRECATED_OBJC_IMPLEMENTATIONS = YES;
				CLANG_WARN_DIRECT_OBJC_ISA_USAGE = YES_ERROR;
				CLANG_WARN_DOCUMENTATION_COMMENTS = YES;
				CLANG_WARN_EMPTY_BODY = YES;
				CLANG_WARN_ENUM_CONVERSION = YES;
				CLANG_WARN_INFINITE_RECURSION = YES;
				CLANG_WARN_INT_CONVERSION = YES;
				CLANG_WARN_NON_LITERAL_NULL_CONVERSION = YES;
				CLANG_WARN_OBJC_IMPLICIT_RETAIN_SELF = YES;
				CLANG_WARN_OBJC_LITERAL_CONVERSION = YES;
				CLANG_WARN_OBJC_ROOT_CLASS = YES_ERROR;
				CLANG_WARN_RANGE_LOOP_ANALYSIS = YES;
				CLANG_WARN_STRICT_PROTOTYPES = YES;
				CLANG_WARN_SUSPICIOUS_MOVE = YES;
				CLANG_WARN_UNGUARDED_AVAILABILITY = YES_AGGRESSIVE;
				CLANG_WARN_UNREACHABLE_CODE = YES;
				CLANG_WARN__DUPLICATE_METHOD_MATCH = YES;
				CODE_SIGN_IDENTITY = "iPhone Developer";
				COPY_PHASE_STRIP = NO;
				DEBUG_INFORMATION_FORMAT = dwarf;
				ENABLE_STRICT_OBJC_MSGSEND = YES;
				ENABLE_TESTABILITY = YES;
				GCC_C_LANGUAGE_STANDARD = gnu11;
				GCC_DYNAMIC_NO_PIC = NO;
				GCC_NO_COMMON_BLOCKS = YES;
				GCC_OPTIMIZATION_LEVEL = 0;
				GCC_PREPROCESSOR_DEFINITIONS = (
					"DEBUG=1",
					"$(inherited)",
				);
				GCC_WARN_64_TO_32_BIT_CONVERSION = YES;
				GCC_WARN_ABOUT_RETURN_TYPE = YES_ERROR;
				GCC_WARN_UNDECLARED_SELECTOR = YES;
				GCC_WARN_UNINITIALIZED_AUTOS = YES_AGGRESSIVE;
				GCC_WARN_UNUSED_FUNCTION = YES;
				GCC_WARN_UNUSED_VARIABLE = YES;
				IPHONEOS_DEPLOYMENT_TARGET = 12.2;
				MTL_ENABLE_DEBUG_INFO = INCLUDE_SOURCE;
				MTL_FAST_MATH = YES;
				ONLY_ACTIVE_ARCH = YES;
				SDKROOT = iphoneos;
				SWIFT_ACTIVE_COMPILATION_CONDITIONS = DEBUG;
				SWIFT_OPTIMIZATION_LEVEL = "-Onone";
			};
			name = Debug;
		};
		25C1D158225B1700008FAEF2 /* Release */ = {
			isa = XCBuildConfiguration;
			buildSettings = {
				ALWAYS_SEARCH_USER_PATHS = NO;
				CLANG_ANALYZER_NONNULL = YES;
				CLANG_ANALYZER_NUMBER_OBJECT_CONVERSION = YES_AGGRESSIVE;
				CLANG_CXX_LANGUAGE_STANDARD = "gnu++14";
				CLANG_CXX_LIBRARY = "libc++";
				CLANG_ENABLE_MODULES = YES;
				CLANG_ENABLE_OBJC_ARC = YES;
				CLANG_ENABLE_OBJC_WEAK = YES;
				CLANG_WARN_BLOCK_CAPTURE_AUTORELEASING = YES;
				CLANG_WARN_BOOL_CONVERSION = YES;
				CLANG_WARN_COMMA = YES;
				CLANG_WARN_CONSTANT_CONVERSION = YES;
				CLANG_WARN_DEPRECATED_OBJC_IMPLEMENTATIONS = YES;
				CLANG_WARN_DIRECT_OBJC_ISA_USAGE = YES_ERROR;
				CLANG_WARN_DOCUMENTATION_COMMENTS = YES;
				CLANG_WARN_EMPTY_BODY = YES;
				CLANG_WARN_ENUM_CONVERSION = YES;
				CLANG_WARN_INFINITE_RECURSION = YES;
				CLANG_WARN_INT_CONVERSION = YES;
				CLANG_WARN_NON_LITERAL_NULL_CONVERSION = YES;
				CLANG_WARN_OBJC_IMPLICIT_RETAIN_SELF = YES;
				CLANG_WARN_OBJC_LITERAL_CONVERSION = YES;
				CLANG_WARN_OBJC_ROOT_CLASS = YES_ERROR;
				CLANG_WARN_RANGE_LOOP_ANALYSIS = YES;
				CLANG_WARN_STRICT_PROTOTYPES = YES;
				CLANG_WARN_SUSPICIOUS_MOVE = YES;
				CLANG_WARN_UNGUARDED_AVAILABILITY = YES_AGGRESSIVE;
				CLANG_WARN_UNREACHABLE_CODE = YES;
				CLANG_WARN__DUPLICATE_METHOD_MATCH = YES;
				CODE_SIGN_IDENTITY = "iPhone Developer";
				COPY_PHASE_STRIP = NO;
				DEBUG_INFORMATION_FORMAT = "dwarf-with-dsym";
				ENABLE_NS_ASSERTIONS = NO;
				ENABLE_STRICT_OBJC_MSGSEND = YES;
				GCC_C_LANGUAGE_STANDARD = gnu11;
				GCC_NO_COMMON_BLOCKS = YES;
				GCC_WARN_64_TO_32_BIT_CONVERSION = YES;
				GCC_WARN_ABOUT_RETURN_TYPE = YES_ERROR;
				GCC_WARN_UNDECLARED_SELECTOR = YES;
				GCC_WARN_UNINITIALIZED_AUTOS = YES_AGGRESSIVE;
				GCC_WARN_UNUSED_FUNCTION = YES;
				GCC_WARN_UNUSED_VARIABLE = YES;
				IPHONEOS_DEPLOYMENT_TARGET = 12.2;
				MTL_ENABLE_DEBUG_INFO = NO;
				MTL_FAST_MATH = YES;
				SDKROOT = iphoneos;
				SWIFT_COMPILATION_MODE = wholemodule;
				SWIFT_OPTIMIZATION_LEVEL = "-O";
				VALIDATE_PRODUCT = YES;
			};
			name = Release;
		};
		25C1D15A225B1700008FAEF2 /* Debug */ = {
			isa = XCBuildConfiguration;
			buildSettings = {
				ALWAYS_EMBED_SWIFT_STANDARD_LIBRARIES = YES;
				ASSETCATALOG_COMPILER_APPICON_NAME = AppIcon;
				CODE_SIGN_ENTITLEMENTS = "Dash-New/Dash-New.entitlements";
				CODE_SIGN_STYLE = Automatic;
				DEVELOPMENT_TEAM = WS247Y395L;
				INFOPLIST_FILE = "Dash-New/Info.plist";
				LD_RUNPATH_SEARCH_PATHS = (
					"$(inherited)",
					"@executable_path/Frameworks",
				);
				PRODUCT_BUNDLE_IDENTIFIER = com.PrometheusConsulting.dash;
				PRODUCT_NAME = "$(TARGET_NAME)";
				SWIFT_VERSION = 5.0;
				TARGETED_DEVICE_FAMILY = "1,2";
			};
			name = Debug;
		};
		25C1D15B225B1700008FAEF2 /* Release */ = {
			isa = XCBuildConfiguration;
			buildSettings = {
				ALWAYS_EMBED_SWIFT_STANDARD_LIBRARIES = YES;
				ASSETCATALOG_COMPILER_APPICON_NAME = AppIcon;
				CODE_SIGN_ENTITLEMENTS = "Dash-New/Dash-New.entitlements";
				CODE_SIGN_STYLE = Automatic;
				DEVELOPMENT_TEAM = WS247Y395L;
				INFOPLIST_FILE = "Dash-New/Info.plist";
				LD_RUNPATH_SEARCH_PATHS = (
					"$(inherited)",
					"@executable_path/Frameworks",
				);
				PRODUCT_BUNDLE_IDENTIFIER = com.PrometheusConsulting.dash;
				PRODUCT_NAME = "$(TARGET_NAME)";
				SWIFT_VERSION = 5.0;
				TARGETED_DEVICE_FAMILY = "1,2";
			};
			name = Release;
		};
		25C1D15D225B1700008FAEF2 /* Debug */ = {
			isa = XCBuildConfiguration;
			buildSettings = {
				ALWAYS_EMBED_SWIFT_STANDARD_LIBRARIES = YES;
				BUNDLE_LOADER = "$(TEST_HOST)";
				CODE_SIGN_STYLE = Automatic;
				DEVELOPMENT_TEAM = 2AYJF6WYU8;
				INFOPLIST_FILE = "Dash-NewTests/Info.plist";
				LD_RUNPATH_SEARCH_PATHS = (
					"$(inherited)",
					"@executable_path/Frameworks",
					"@loader_path/Frameworks",
				);
				PRODUCT_BUNDLE_IDENTIFIER = "com.developers.Dash-NewTests";
				PRODUCT_NAME = "$(TARGET_NAME)";
				SWIFT_VERSION = 5.0;
				TARGETED_DEVICE_FAMILY = "1,2";
				TEST_HOST = "$(BUILT_PRODUCTS_DIR)/Dash-New.app/Dash-New";
			};
			name = Debug;
		};
		25C1D15E225B1700008FAEF2 /* Release */ = {
			isa = XCBuildConfiguration;
			buildSettings = {
				ALWAYS_EMBED_SWIFT_STANDARD_LIBRARIES = YES;
				BUNDLE_LOADER = "$(TEST_HOST)";
				CODE_SIGN_STYLE = Automatic;
				DEVELOPMENT_TEAM = 2AYJF6WYU8;
				INFOPLIST_FILE = "Dash-NewTests/Info.plist";
				LD_RUNPATH_SEARCH_PATHS = (
					"$(inherited)",
					"@executable_path/Frameworks",
					"@loader_path/Frameworks",
				);
				PRODUCT_BUNDLE_IDENTIFIER = "com.developers.Dash-NewTests";
				PRODUCT_NAME = "$(TARGET_NAME)";
				SWIFT_VERSION = 5.0;
				TARGETED_DEVICE_FAMILY = "1,2";
				TEST_HOST = "$(BUILT_PRODUCTS_DIR)/Dash-New.app/Dash-New";
			};
			name = Release;
		};
		25C1D160225B1700008FAEF2 /* Debug */ = {
			isa = XCBuildConfiguration;
			buildSettings = {
				ALWAYS_EMBED_SWIFT_STANDARD_LIBRARIES = YES;
				CODE_SIGN_STYLE = Automatic;
				DEVELOPMENT_TEAM = 2AYJF6WYU8;
				INFOPLIST_FILE = "Dash-NewUITests/Info.plist";
				LD_RUNPATH_SEARCH_PATHS = (
					"$(inherited)",
					"@executable_path/Frameworks",
					"@loader_path/Frameworks",
				);
				PRODUCT_BUNDLE_IDENTIFIER = "com.developers.Dash-NewUITests";
				PRODUCT_NAME = "$(TARGET_NAME)";
				SWIFT_VERSION = 5.0;
				TARGETED_DEVICE_FAMILY = "1,2";
				TEST_TARGET_NAME = "Dash-New";
			};
			name = Debug;
		};
		25C1D161225B1700008FAEF2 /* Release */ = {
			isa = XCBuildConfiguration;
			buildSettings = {
				ALWAYS_EMBED_SWIFT_STANDARD_LIBRARIES = YES;
				CODE_SIGN_STYLE = Automatic;
				DEVELOPMENT_TEAM = 2AYJF6WYU8;
				INFOPLIST_FILE = "Dash-NewUITests/Info.plist";
				LD_RUNPATH_SEARCH_PATHS = (
					"$(inherited)",
					"@executable_path/Frameworks",
					"@loader_path/Frameworks",
				);
				PRODUCT_BUNDLE_IDENTIFIER = "com.developers.Dash-NewUITests";
				PRODUCT_NAME = "$(TARGET_NAME)";
				SWIFT_VERSION = 5.0;
				TARGETED_DEVICE_FAMILY = "1,2";
				TEST_TARGET_NAME = "Dash-New";
			};
			name = Release;
		};
		7FE084B12267013900B8505D /* Debug */ = {
			isa = XCBuildConfiguration;
			buildSettings = {
				CODE_SIGN_ENTITLEMENTS = MotivationIntent/MotivationIntent.entitlements;
				CODE_SIGN_STYLE = Automatic;
				DEVELOPMENT_TEAM = WS247Y395L;
				INFOPLIST_FILE = MotivationIntent/Info.plist;
				INTENTS_CODEGEN_LANGUAGE = Swift;
				LD_RUNPATH_SEARCH_PATHS = (
					"$(inherited)",
					"@executable_path/Frameworks",
					"@executable_path/../../Frameworks",
				);
				PRODUCT_BUNDLE_IDENTIFIER = com.PrometheusConsulting.dash.MotivationIntent;
				PRODUCT_NAME = "$(TARGET_NAME)";
				SKIP_INSTALL = YES;
				SWIFT_VERSION = 5.0;
				TARGETED_DEVICE_FAMILY = "1,2";
			};
			name = Debug;
		};
		7FE084B22267013900B8505D /* Release */ = {
			isa = XCBuildConfiguration;
			buildSettings = {
				CODE_SIGN_ENTITLEMENTS = MotivationIntent/MotivationIntent.entitlements;
				CODE_SIGN_STYLE = Automatic;
				DEVELOPMENT_TEAM = WS247Y395L;
				INFOPLIST_FILE = MotivationIntent/Info.plist;
				INTENTS_CODEGEN_LANGUAGE = Swift;
				LD_RUNPATH_SEARCH_PATHS = (
					"$(inherited)",
					"@executable_path/Frameworks",
					"@executable_path/../../Frameworks",
				);
				PRODUCT_BUNDLE_IDENTIFIER = com.PrometheusConsulting.dash.MotivationIntent;
				PRODUCT_NAME = "$(TARGET_NAME)";
				SKIP_INSTALL = YES;
				SWIFT_VERSION = 5.0;
				TARGETED_DEVICE_FAMILY = "1,2";
			};
			name = Release;
		};
		7FE084B32267013900B8505D /* Debug */ = {
			isa = XCBuildConfiguration;
			buildSettings = {
				CODE_SIGN_ENTITLEMENTS = MotivationIntentUI/MotivationIntentUI.entitlements;
				CODE_SIGN_STYLE = Automatic;
				DEVELOPMENT_TEAM = WS247Y395L;
				INFOPLIST_FILE = MotivationIntentUI/Info.plist;
				LD_RUNPATH_SEARCH_PATHS = (
					"$(inherited)",
					"@executable_path/Frameworks",
					"@executable_path/../../Frameworks",
				);
				PRODUCT_BUNDLE_IDENTIFIER = com.PrometheusConsulting.dash.MotivationIntentUI;
				PRODUCT_NAME = "$(TARGET_NAME)";
				SKIP_INSTALL = YES;
				SWIFT_VERSION = 5.0;
				TARGETED_DEVICE_FAMILY = "1,2";
			};
			name = Debug;
		};
		7FE084B42267013900B8505D /* Release */ = {
			isa = XCBuildConfiguration;
			buildSettings = {
				CODE_SIGN_ENTITLEMENTS = MotivationIntentUI/MotivationIntentUI.entitlements;
				CODE_SIGN_STYLE = Automatic;
				DEVELOPMENT_TEAM = WS247Y395L;
				INFOPLIST_FILE = MotivationIntentUI/Info.plist;
				LD_RUNPATH_SEARCH_PATHS = (
					"$(inherited)",
					"@executable_path/Frameworks",
					"@executable_path/../../Frameworks",
				);
				PRODUCT_BUNDLE_IDENTIFIER = com.PrometheusConsulting.dash.MotivationIntentUI;
				PRODUCT_NAME = "$(TARGET_NAME)";
				SKIP_INSTALL = YES;
				SWIFT_VERSION = 5.0;
				TARGETED_DEVICE_FAMILY = "1,2";
			};
			name = Release;
		};
/* End XCBuildConfiguration section */

/* Begin XCConfigurationList section */
		25C1D129225B16FE008FAEF2 /* Build configuration list for PBXProject "Dash-New" */ = {
			isa = XCConfigurationList;
			buildConfigurations = (
				25C1D157225B1700008FAEF2 /* Debug */,
				25C1D158225B1700008FAEF2 /* Release */,
			);
			defaultConfigurationIsVisible = 0;
			defaultConfigurationName = Release;
		};
		25C1D159225B1700008FAEF2 /* Build configuration list for PBXNativeTarget "Dash-New" */ = {
			isa = XCConfigurationList;
			buildConfigurations = (
				25C1D15A225B1700008FAEF2 /* Debug */,
				25C1D15B225B1700008FAEF2 /* Release */,
			);
			defaultConfigurationIsVisible = 0;
			defaultConfigurationName = Release;
		};
		25C1D15C225B1700008FAEF2 /* Build configuration list for PBXNativeTarget "Dash-NewTests" */ = {
			isa = XCConfigurationList;
			buildConfigurations = (
				25C1D15D225B1700008FAEF2 /* Debug */,
				25C1D15E225B1700008FAEF2 /* Release */,
			);
			defaultConfigurationIsVisible = 0;
			defaultConfigurationName = Release;
		};
		25C1D15F225B1700008FAEF2 /* Build configuration list for PBXNativeTarget "Dash-NewUITests" */ = {
			isa = XCConfigurationList;
			buildConfigurations = (
				25C1D160225B1700008FAEF2 /* Debug */,
				25C1D161225B1700008FAEF2 /* Release */,
			);
			defaultConfigurationIsVisible = 0;
			defaultConfigurationName = Release;
		};
		7FE084B52267013900B8505D /* Build configuration list for PBXNativeTarget "MotivationIntentUI" */ = {
			isa = XCConfigurationList;
			buildConfigurations = (
				7FE084B32267013900B8505D /* Debug */,
				7FE084B42267013900B8505D /* Release */,
			);
			defaultConfigurationIsVisible = 0;
			defaultConfigurationName = Release;
		};
		7FE084B62267013900B8505D /* Build configuration list for PBXNativeTarget "MotivationIntent" */ = {
			isa = XCConfigurationList;
			buildConfigurations = (
				7FE084B12267013900B8505D /* Debug */,
				7FE084B22267013900B8505D /* Release */,
			);
			defaultConfigurationIsVisible = 0;
			defaultConfigurationName = Release;
		};
/* End XCConfigurationList section */

/* Begin XCVersionGroup section */
		25C1D138225B16FE008FAEF2 /* Dash_New.xcdatamodeld */ = {
			isa = XCVersionGroup;
			children = (
				25C1D139225B16FE008FAEF2 /* Dash_New.xcdatamodel */,
			);
			currentVersion = 25C1D139225B16FE008FAEF2 /* Dash_New.xcdatamodel */;
			path = Dash_New.xcdatamodeld;
			sourceTree = "<group>";
			versionGroupType = wrapper.xcdatamodel;
		};
/* End XCVersionGroup section */
	};
	rootObject = 25C1D126225B16FE008FAEF2 /* Project object */;
}
